// !$*UTF8*$!
{
	archiveVersion = 1;
	classes = {
	};
	objectVersion = 55;
	objects = {

/* Begin PBXBuildFile section */
		FA094ED027A7E6C100649818 /* ResetPasswordView.swift in Sources */ = {isa = PBXBuildFile; fileRef = FA094ECF27A7E6C100649818 /* ResetPasswordView.swift */; };
		FA094ED227A7E6DD00649818 /* ResetPasswordViewModel.swift in Sources */ = {isa = PBXBuildFile; fileRef = FA094ED127A7E6DD00649818 /* ResetPasswordViewModel.swift */; };
		FA2B5D8227AC6C2400F8FDAE /* NavigationModel.swift in Sources */ = {isa = PBXBuildFile; fileRef = FA2B5D8127AC6C2400F8FDAE /* NavigationModel.swift */; };
		FA2B5D8427AC853F00F8FDAE /* A.A._1200x1200-2.jpg in Resources */ = {isa = PBXBuildFile; fileRef = FA2B5D8327AC853E00F8FDAE /* A.A._1200x1200-2.jpg */; };
		FA2B5D8627AC886B00F8FDAE /* d3c4e744046205a49d06beb874df3b39da7c9c73.jpeg in Resources */ = {isa = PBXBuildFile; fileRef = FA2B5D8527AC886B00F8FDAE /* d3c4e744046205a49d06beb874df3b39da7c9c73.jpeg */; };
		FA2B5D8827AC8D4C00F8FDAE /* DynamicColors.swift in Sources */ = {isa = PBXBuildFile; fileRef = FA2B5D8727AC8D4C00F8FDAE /* DynamicColors.swift */; };
		FA2B5D8C27ACA2D100F8FDAE /* lay-icon-play-icon-11563266312mklxafh8gy-removebg-preview.png in Resources */ = {isa = PBXBuildFile; fileRef = FA2B5D8B27ACA2D100F8FDAE /* lay-icon-play-icon-11563266312mklxafh8gy-removebg-preview.png */; };
		FA2B5D8E27AD7E9700F8FDAE /* ProfileView.swift in Sources */ = {isa = PBXBuildFile; fileRef = FA2B5D8D27AD7E9700F8FDAE /* ProfileView.swift */; };
		FA3A0C8227A9291D00EE6677 /* UsersDB.swift in Sources */ = {isa = PBXBuildFile; fileRef = FA3A0C8127A9291D00EE6677 /* UsersDB.swift */; };
		FA3A0C8527A92A6D00EE6677 /* UserRole.swift in Sources */ = {isa = PBXBuildFile; fileRef = FA3A0C8427A92A6D00EE6677 /* UserRole.swift */; };
		FA3A0C8727A9390A00EE6677 /* UsersDBItem.swift in Sources */ = {isa = PBXBuildFile; fileRef = FA3A0C8627A9390A00EE6677 /* UsersDBItem.swift */; };
		FA3A0C8B27A94F2600EE6677 /* CreatorApp.swift in Sources */ = {isa = PBXBuildFile; fileRef = FA3A0C8A27A94F2600EE6677 /* CreatorApp.swift */; };
		FA3A0C8D27A94F3000EE6677 /* UserApp.swift in Sources */ = {isa = PBXBuildFile; fileRef = FA3A0C8C27A94F3000EE6677 /* UserApp.swift */; };
		FA3A0C9027A951EC00EE6677 /* HomeView.swift in Sources */ = {isa = PBXBuildFile; fileRef = FA3A0C8F27A951EC00EE6677 /* HomeView.swift */; };
		FA3A0C9327A9525400EE6677 /* PostsDB.swift in Sources */ = {isa = PBXBuildFile; fileRef = FA3A0C9227A9525400EE6677 /* PostsDB.swift */; };
		FA3ACABC27BBFD3E00440813 /* Kingfisher in Frameworks */ = {isa = PBXBuildFile; productRef = FA3ACABB27BBFD3E00440813 /* Kingfisher */; };
		FA40CCA627ADA1D3006077AF /* Test.swift in Sources */ = {isa = PBXBuildFile; fileRef = FA40CCA527ADA1D3006077AF /* Test.swift */; };
		FA40CCAF27B2C425006077AF /* ProfileSettingsView.swift in Sources */ = {isa = PBXBuildFile; fileRef = FA40CCAE27B2C425006077AF /* ProfileSettingsView.swift */; };
		FA40CCB327B2D65E006077AF /* TinyConstraints in Frameworks */ = {isa = PBXBuildFile; productRef = FA40CCB227B2D65E006077AF /* TinyConstraints */; };
		FA40CCC427B2D970006077AF /* ImagePane.swift in Sources */ = {isa = PBXBuildFile; fileRef = FA40CCB827B2D96F006077AF /* ImagePane.swift */; };
		FA40CCC527B2D970006077AF /* Image+Extensions.swift in Sources */ = {isa = PBXBuildFile; fileRef = FA40CCB927B2D96F006077AF /* Image+Extensions.swift */; };
		FA40CCC627B2D970006077AF /* ImageMoveAndScaleSheet+ViewModel.swift in Sources */ = {isa = PBXBuildFile; fileRef = FA40CCBA27B2D96F006077AF /* ImageMoveAndScaleSheet+ViewModel.swift */; };
		FA40CCC727B2D970006077AF /* ViewModifiers.swift in Sources */ = {isa = PBXBuildFile; fileRef = FA40CCBB27B2D970006077AF /* ViewModifiers.swift */; };
		FA40CCC827B2D970006077AF /* SystemImagePicker.swift in Sources */ = {isa = PBXBuildFile; fileRef = FA40CCBC27B2D970006077AF /* SystemImagePicker.swift */; };
		FA40CCC927B2D970006077AF /* ImageMoveAndScaleSheet+Extensions.swift in Sources */ = {isa = PBXBuildFile; fileRef = FA40CCBD27B2D970006077AF /* ImageMoveAndScaleSheet+Extensions.swift */; };
		FA40CCCA27B2D970006077AF /* ImageAttributes.swift in Sources */ = {isa = PBXBuildFile; fileRef = FA40CCBE27B2D970006077AF /* ImageAttributes.swift */; };
		FA40CCCB27B2D970006077AF /* DeviceOrientation.swift in Sources */ = {isa = PBXBuildFile; fileRef = FA40CCBF27B2D970006077AF /* DeviceOrientation.swift */; };
		FA40CCCC27B2D970006077AF /* Color+Extensions.swift in Sources */ = {isa = PBXBuildFile; fileRef = FA40CCC027B2D970006077AF /* Color+Extensions.swift */; };
		FA40CCCD27B2D970006077AF /* ImageManipulation.swift in Sources */ = {isa = PBXBuildFile; fileRef = FA40CCC127B2D970006077AF /* ImageManipulation.swift */; };
		FA40CCCE27B2D970006077AF /* SystemPHPicker.swift in Sources */ = {isa = PBXBuildFile; fileRef = FA40CCC227B2D970006077AF /* SystemPHPicker.swift */; };
		FA40CCCF27B2D970006077AF /* ImageMoveAndScaleSheet.swift in Sources */ = {isa = PBXBuildFile; fileRef = FA40CCC327B2D970006077AF /* ImageMoveAndScaleSheet.swift */; };
		FA40CCD227B2F7A4006077AF /* SessionProperties.swift in Sources */ = {isa = PBXBuildFile; fileRef = FA40CCD127B2F7A3006077AF /* SessionProperties.swift */; };
		FA90EEEE27BD244C000C371E /* NewAudio.swift in Sources */ = {isa = PBXBuildFile; fileRef = FA90EEED27BD244C000C371E /* NewAudio.swift */; };
		FA97806427BFD54E00AE92D4 /* RecordButton.swift in Sources */ = {isa = PBXBuildFile; fileRef = FA97806327BFD54D00AE92D4 /* RecordButton.swift */; };
		FA97806F27BFDF2A00AE92D4 /* WaveformImageDrawer.swift in Sources */ = {isa = PBXBuildFile; fileRef = FA97806827BFDF2900AE92D4 /* WaveformImageDrawer.swift */; };
		FA97807027BFDF2A00AE92D4 /* TempiFFT.swift in Sources */ = {isa = PBXBuildFile; fileRef = FA97806927BFDF2900AE92D4 /* TempiFFT.swift */; };
		FA97807127BFDF2A00AE92D4 /* WaveformLiveView.swift in Sources */ = {isa = PBXBuildFile; fileRef = FA97806A27BFDF2900AE92D4 /* WaveformLiveView.swift */; };
		FA97807227BFDF2A00AE92D4 /* WaveformImageViewUI.swift in Sources */ = {isa = PBXBuildFile; fileRef = FA97806B27BFDF2900AE92D4 /* WaveformImageViewUI.swift */; };
		FA97807327BFDF2A00AE92D4 /* WaveformImageTypes.swift in Sources */ = {isa = PBXBuildFile; fileRef = FA97806C27BFDF2900AE92D4 /* WaveformImageTypes.swift */; };
		FA97807427BFDF2A00AE92D4 /* WaveformAnalyzer.swift in Sources */ = {isa = PBXBuildFile; fileRef = FA97806D27BFDF2900AE92D4 /* WaveformAnalyzer.swift */; };
		FA97807527BFDF2A00AE92D4 /* WaveformImageView.swift in Sources */ = {isa = PBXBuildFile; fileRef = FA97806E27BFDF2900AE92D4 /* WaveformImageView.swift */; };
		FA97807727BFE1E100AE92D4 /* sample.mp3 in Resources */ = {isa = PBXBuildFile; fileRef = FA97807627BFE1E100AE92D4 /* sample.mp3 */; };
		FA9D4CBF279FED960087D337 /* RecordifyApp.swift in Sources */ = {isa = PBXBuildFile; fileRef = FA9D4CBE279FED960087D337 /* RecordifyApp.swift */; };
		FA9D4CC3279FED970087D337 /* Assets.xcassets in Resources */ = {isa = PBXBuildFile; fileRef = FA9D4CC2279FED970087D337 /* Assets.xcassets */; };
		FA9D4CC6279FED970087D337 /* Preview Assets.xcassets in Resources */ = {isa = PBXBuildFile; fileRef = FA9D4CC5279FED970087D337 /* Preview Assets.xcassets */; };
		FA9D4CCD279FF0880087D337 /* Post.swift in Sources */ = {isa = PBXBuildFile; fileRef = FA9D4CCC279FF0880087D337 /* Post.swift */; };
		FA9D4CCF279FF1140087D337 /* RowWithPost.swift in Sources */ = {isa = PBXBuildFile; fileRef = FA9D4CCE279FF1140087D337 /* RowWithPost.swift */; };
		FA9D4CD1279FF5E80087D337 /* AddTab.swift in Sources */ = {isa = PBXBuildFile; fileRef = FA9D4CD0279FF5E80087D337 /* AddTab.swift */; };
		FA9D4CD3279FFDC80087D337 /* GoogleService-Info.plist in Resources */ = {isa = PBXBuildFile; fileRef = FA9D4CD2279FFDC70087D337 /* GoogleService-Info.plist */; };
		FA9D4CDC27A037020087D337 /* LoginView.swift in Sources */ = {isa = PBXBuildFile; fileRef = FA9D4CDB27A037010087D337 /* LoginView.swift */; };
		FA9DD1EA27ABE44B008CC4EE /* CreateView.swift in Sources */ = {isa = PBXBuildFile; fileRef = FA9DD1E927ABE44B008CC4EE /* CreateView.swift */; };
		FAC8EC9127B44D7800D3DD86 /* Purchases.swift in Sources */ = {isa = PBXBuildFile; fileRef = FAC8EC9027B44D7800D3DD86 /* Purchases.swift */; };
		FAE1C38E27C3B37A008D48B9 /* TimerView.swift in Sources */ = {isa = PBXBuildFile; fileRef = FAE1C38D27C3B37A008D48B9 /* TimerView.swift */; };
		FAE1C3B627C4D460008D48B9 /* AudioRecorder.swift in Sources */ = {isa = PBXBuildFile; fileRef = FAE1C3B527C4D460008D48B9 /* AudioRecorder.swift */; };
		FAE1C3B827C4D7BD008D48B9 /* RecordingsList.swift in Sources */ = {isa = PBXBuildFile; fileRef = FAE1C3B727C4D7BD008D48B9 /* RecordingsList.swift */; };
		FAE1C3BA27C4D7F5008D48B9 /* AudioPlayer.swift in Sources */ = {isa = PBXBuildFile; fileRef = FAE1C3B927C4D7F5008D48B9 /* AudioPlayer.swift */; };
		FAE1CF3227A1741600D44D00 /* LoginViewModel.swift in Sources */ = {isa = PBXBuildFile; fileRef = FAE1CF3127A1741600D44D00 /* LoginViewModel.swift */; };
		FAE1CF3427A1743000D44D00 /* RegisterView.swift in Sources */ = {isa = PBXBuildFile; fileRef = FAE1CF3327A1743000D44D00 /* RegisterView.swift */; };
		FAE1CF3627A1743D00D44D00 /* RegisterViewModel.swift in Sources */ = {isa = PBXBuildFile; fileRef = FAE1CF3527A1743D00D44D00 /* RegisterViewModel.swift */; };
		FAE1CF3927A175E700D44D00 /* FirebaseAnalytics in Frameworks */ = {isa = PBXBuildFile; productRef = FAE1CF3827A175E700D44D00 /* FirebaseAnalytics */; };
		FAE1CF3B27A175E700D44D00 /* FirebaseAnalyticsSwift-Beta in Frameworks */ = {isa = PBXBuildFile; productRef = FAE1CF3A27A175E700D44D00 /* FirebaseAnalyticsSwift-Beta */; };
		FAE1CF3D27A175E700D44D00 /* FirebaseAppDistribution-Beta in Frameworks */ = {isa = PBXBuildFile; productRef = FAE1CF3C27A175E700D44D00 /* FirebaseAppDistribution-Beta */; };
		FAE1CF3F27A175E700D44D00 /* FirebaseAuth in Frameworks */ = {isa = PBXBuildFile; productRef = FAE1CF3E27A175E700D44D00 /* FirebaseAuth */; };
		FAE1CF4127A175E700D44D00 /* FirebaseAuthCombine-Community in Frameworks */ = {isa = PBXBuildFile; productRef = FAE1CF4027A175E700D44D00 /* FirebaseAuthCombine-Community */; };
		FAE1CF4327A175E700D44D00 /* FirebaseCrashlytics in Frameworks */ = {isa = PBXBuildFile; productRef = FAE1CF4227A175E700D44D00 /* FirebaseCrashlytics */; };
		FAE1CF4527A175E700D44D00 /* FirebaseDatabase in Frameworks */ = {isa = PBXBuildFile; productRef = FAE1CF4427A175E700D44D00 /* FirebaseDatabase */; };
		FAE1CF4727A175E700D44D00 /* FirebaseDatabaseSwift-Beta in Frameworks */ = {isa = PBXBuildFile; productRef = FAE1CF4627A175E700D44D00 /* FirebaseDatabaseSwift-Beta */; };
		FAE1CF4927A175E700D44D00 /* FirebaseDynamicLinks in Frameworks */ = {isa = PBXBuildFile; productRef = FAE1CF4827A175E700D44D00 /* FirebaseDynamicLinks */; };
		FAE1CF4B27A175E700D44D00 /* FirebaseFirestore in Frameworks */ = {isa = PBXBuildFile; productRef = FAE1CF4A27A175E700D44D00 /* FirebaseFirestore */; };
		FAE1CF4D27A175E700D44D00 /* FirebaseFirestoreCombine-Community in Frameworks */ = {isa = PBXBuildFile; productRef = FAE1CF4C27A175E700D44D00 /* FirebaseFirestoreCombine-Community */; };
		FAE1CF4F27A175E700D44D00 /* FirebaseFirestoreSwift-Beta in Frameworks */ = {isa = PBXBuildFile; productRef = FAE1CF4E27A175E700D44D00 /* FirebaseFirestoreSwift-Beta */; };
		FAE1CF5127A175E700D44D00 /* FirebaseFunctions in Frameworks */ = {isa = PBXBuildFile; productRef = FAE1CF5027A175E700D44D00 /* FirebaseFunctions */; };
		FAE1CF5327A175E700D44D00 /* FirebaseInstallations in Frameworks */ = {isa = PBXBuildFile; productRef = FAE1CF5227A175E700D44D00 /* FirebaseInstallations */; };
		FAE1CF5527A175E800D44D00 /* FirebasePerformance in Frameworks */ = {isa = PBXBuildFile; productRef = FAE1CF5427A175E800D44D00 /* FirebasePerformance */; };
		FAE1CF5727A175E800D44D00 /* FirebaseStorage in Frameworks */ = {isa = PBXBuildFile; productRef = FAE1CF5627A175E800D44D00 /* FirebaseStorage */; };
		FAE1CF5927A175E800D44D00 /* FirebaseStorageCombine-Community in Frameworks */ = {isa = PBXBuildFile; productRef = FAE1CF5827A175E800D44D00 /* FirebaseStorageCombine-Community */; };
		FAE1CF5C27A29EC100D44D00 /* RoundedButton.swift in Sources */ = {isa = PBXBuildFile; fileRef = FAE1CF5B27A29EC100D44D00 /* RoundedButton.swift */; };
		FAFC7F1627BA5B0A009F59AA /* NewRecord.swift in Sources */ = {isa = PBXBuildFile; fileRef = FAFC7F1527BA5B0A009F59AA /* NewRecord.swift */; };
		FAFC7F1A27BA5E43009F59AA /* UploadArtwork.swift in Sources */ = {isa = PBXBuildFile; fileRef = FAFC7F1927BA5E43009F59AA /* UploadArtwork.swift */; };
		FAFC7F1C27BA5E57009F59AA /* UploadRecord.swift in Sources */ = {isa = PBXBuildFile; fileRef = FAFC7F1B27BA5E57009F59AA /* UploadRecord.swift */; };
		FAFC7F1E27BA5E71009F59AA /* AddDescription.swift in Sources */ = {isa = PBXBuildFile; fileRef = FAFC7F1D27BA5E71009F59AA /* AddDescription.swift */; };
/* End PBXBuildFile section */

/* Begin PBXFileReference section */
		FA094ECF27A7E6C100649818 /* ResetPasswordView.swift */ = {isa = PBXFileReference; lastKnownFileType = sourcecode.swift; path = ResetPasswordView.swift; sourceTree = "<group>"; };
		FA094ED127A7E6DD00649818 /* ResetPasswordViewModel.swift */ = {isa = PBXFileReference; lastKnownFileType = sourcecode.swift; path = ResetPasswordViewModel.swift; sourceTree = "<group>"; };
		FA2B5D8127AC6C2400F8FDAE /* NavigationModel.swift */ = {isa = PBXFileReference; lastKnownFileType = sourcecode.swift; path = NavigationModel.swift; sourceTree = "<group>"; };
		FA2B5D8327AC853E00F8FDAE /* A.A._1200x1200-2.jpg */ = {isa = PBXFileReference; lastKnownFileType = image.jpeg; path = "A.A._1200x1200-2.jpg"; sourceTree = "<group>"; };
		FA2B5D8527AC886B00F8FDAE /* d3c4e744046205a49d06beb874df3b39da7c9c73.jpeg */ = {isa = PBXFileReference; lastKnownFileType = image.jpeg; path = d3c4e744046205a49d06beb874df3b39da7c9c73.jpeg; sourceTree = "<group>"; };
		FA2B5D8727AC8D4C00F8FDAE /* DynamicColors.swift */ = {isa = PBXFileReference; lastKnownFileType = sourcecode.swift; path = DynamicColors.swift; sourceTree = "<group>"; };
		FA2B5D8B27ACA2D100F8FDAE /* lay-icon-play-icon-11563266312mklxafh8gy-removebg-preview.png */ = {isa = PBXFileReference; lastKnownFileType = image.png; path = "lay-icon-play-icon-11563266312mklxafh8gy-removebg-preview.png"; sourceTree = "<group>"; };
		FA2B5D8D27AD7E9700F8FDAE /* ProfileView.swift */ = {isa = PBXFileReference; lastKnownFileType = sourcecode.swift; path = ProfileView.swift; sourceTree = "<group>"; };
		FA3A0C8127A9291D00EE6677 /* UsersDB.swift */ = {isa = PBXFileReference; lastKnownFileType = sourcecode.swift; path = UsersDB.swift; sourceTree = "<group>"; };
		FA3A0C8427A92A6D00EE6677 /* UserRole.swift */ = {isa = PBXFileReference; lastKnownFileType = sourcecode.swift; path = UserRole.swift; sourceTree = "<group>"; };
		FA3A0C8627A9390A00EE6677 /* UsersDBItem.swift */ = {isa = PBXFileReference; lastKnownFileType = sourcecode.swift; path = UsersDBItem.swift; sourceTree = "<group>"; };
		FA3A0C8A27A94F2600EE6677 /* CreatorApp.swift */ = {isa = PBXFileReference; lastKnownFileType = sourcecode.swift; path = CreatorApp.swift; sourceTree = "<group>"; };
		FA3A0C8C27A94F3000EE6677 /* UserApp.swift */ = {isa = PBXFileReference; lastKnownFileType = sourcecode.swift; path = UserApp.swift; sourceTree = "<group>"; };
		FA3A0C8F27A951EC00EE6677 /* HomeView.swift */ = {isa = PBXFileReference; lastKnownFileType = sourcecode.swift; path = HomeView.swift; sourceTree = "<group>"; };
		FA3A0C9227A9525400EE6677 /* PostsDB.swift */ = {isa = PBXFileReference; lastKnownFileType = sourcecode.swift; path = PostsDB.swift; sourceTree = "<group>"; };
		FA40CCA527ADA1D3006077AF /* Test.swift */ = {isa = PBXFileReference; lastKnownFileType = sourcecode.swift; path = Test.swift; sourceTree = "<group>"; };
		FA40CCAE27B2C425006077AF /* ProfileSettingsView.swift */ = {isa = PBXFileReference; lastKnownFileType = sourcecode.swift; path = ProfileSettingsView.swift; sourceTree = "<group>"; };
		FA40CCB827B2D96F006077AF /* ImagePane.swift */ = {isa = PBXFileReference; fileEncoding = 4; lastKnownFileType = sourcecode.swift; path = ImagePane.swift; sourceTree = "<group>"; };
		FA40CCB927B2D96F006077AF /* Image+Extensions.swift */ = {isa = PBXFileReference; fileEncoding = 4; lastKnownFileType = sourcecode.swift; path = "Image+Extensions.swift"; sourceTree = "<group>"; };
		FA40CCBA27B2D96F006077AF /* ImageMoveAndScaleSheet+ViewModel.swift */ = {isa = PBXFileReference; fileEncoding = 4; lastKnownFileType = sourcecode.swift; path = "ImageMoveAndScaleSheet+ViewModel.swift"; sourceTree = "<group>"; };
		FA40CCBB27B2D970006077AF /* ViewModifiers.swift */ = {isa = PBXFileReference; fileEncoding = 4; lastKnownFileType = sourcecode.swift; path = ViewModifiers.swift; sourceTree = "<group>"; };
		FA40CCBC27B2D970006077AF /* SystemImagePicker.swift */ = {isa = PBXFileReference; fileEncoding = 4; lastKnownFileType = sourcecode.swift; path = SystemImagePicker.swift; sourceTree = "<group>"; };
		FA40CCBD27B2D970006077AF /* ImageMoveAndScaleSheet+Extensions.swift */ = {isa = PBXFileReference; fileEncoding = 4; lastKnownFileType = sourcecode.swift; path = "ImageMoveAndScaleSheet+Extensions.swift"; sourceTree = "<group>"; };
		FA40CCBE27B2D970006077AF /* ImageAttributes.swift */ = {isa = PBXFileReference; fileEncoding = 4; lastKnownFileType = sourcecode.swift; path = ImageAttributes.swift; sourceTree = "<group>"; };
		FA40CCBF27B2D970006077AF /* DeviceOrientation.swift */ = {isa = PBXFileReference; fileEncoding = 4; lastKnownFileType = sourcecode.swift; path = DeviceOrientation.swift; sourceTree = "<group>"; };
		FA40CCC027B2D970006077AF /* Color+Extensions.swift */ = {isa = PBXFileReference; fileEncoding = 4; lastKnownFileType = sourcecode.swift; path = "Color+Extensions.swift"; sourceTree = "<group>"; };
		FA40CCC127B2D970006077AF /* ImageManipulation.swift */ = {isa = PBXFileReference; fileEncoding = 4; lastKnownFileType = sourcecode.swift; path = ImageManipulation.swift; sourceTree = "<group>"; };
		FA40CCC227B2D970006077AF /* SystemPHPicker.swift */ = {isa = PBXFileReference; fileEncoding = 4; lastKnownFileType = sourcecode.swift; path = SystemPHPicker.swift; sourceTree = "<group>"; };
		FA40CCC327B2D970006077AF /* ImageMoveAndScaleSheet.swift */ = {isa = PBXFileReference; fileEncoding = 4; lastKnownFileType = sourcecode.swift; path = ImageMoveAndScaleSheet.swift; sourceTree = "<group>"; };
		FA40CCD027B2DF43006077AF /* Info.plist */ = {isa = PBXFileReference; lastKnownFileType = text.plist; path = Info.plist; sourceTree = "<group>"; };
		FA40CCD127B2F7A3006077AF /* SessionProperties.swift */ = {isa = PBXFileReference; lastKnownFileType = sourcecode.swift; path = SessionProperties.swift; sourceTree = "<group>"; };
		FA90EEED27BD244C000C371E /* NewAudio.swift */ = {isa = PBXFileReference; lastKnownFileType = sourcecode.swift; path = NewAudio.swift; sourceTree = "<group>"; };
		FA97806327BFD54D00AE92D4 /* RecordButton.swift */ = {isa = PBXFileReference; lastKnownFileType = sourcecode.swift; path = RecordButton.swift; sourceTree = "<group>"; };
		FA97806827BFDF2900AE92D4 /* WaveformImageDrawer.swift */ = {isa = PBXFileReference; fileEncoding = 4; lastKnownFileType = sourcecode.swift; path = WaveformImageDrawer.swift; sourceTree = "<group>"; };
		FA97806927BFDF2900AE92D4 /* TempiFFT.swift */ = {isa = PBXFileReference; fileEncoding = 4; lastKnownFileType = sourcecode.swift; path = TempiFFT.swift; sourceTree = "<group>"; };
		FA97806A27BFDF2900AE92D4 /* WaveformLiveView.swift */ = {isa = PBXFileReference; fileEncoding = 4; lastKnownFileType = sourcecode.swift; path = WaveformLiveView.swift; sourceTree = "<group>"; };
		FA97806B27BFDF2900AE92D4 /* WaveformImageViewUI.swift */ = {isa = PBXFileReference; fileEncoding = 4; lastKnownFileType = sourcecode.swift; path = WaveformImageViewUI.swift; sourceTree = "<group>"; };
		FA97806C27BFDF2900AE92D4 /* WaveformImageTypes.swift */ = {isa = PBXFileReference; fileEncoding = 4; lastKnownFileType = sourcecode.swift; path = WaveformImageTypes.swift; sourceTree = "<group>"; };
		FA97806D27BFDF2900AE92D4 /* WaveformAnalyzer.swift */ = {isa = PBXFileReference; fileEncoding = 4; lastKnownFileType = sourcecode.swift; path = WaveformAnalyzer.swift; sourceTree = "<group>"; };
		FA97806E27BFDF2900AE92D4 /* WaveformImageView.swift */ = {isa = PBXFileReference; fileEncoding = 4; lastKnownFileType = sourcecode.swift; path = WaveformImageView.swift; sourceTree = "<group>"; };
		FA97807627BFE1E100AE92D4 /* sample.mp3 */ = {isa = PBXFileReference; lastKnownFileType = audio.mp3; path = sample.mp3; sourceTree = "<group>"; };
		FA9D4CBB279FED960087D337 /* Recordify.app */ = {isa = PBXFileReference; explicitFileType = wrapper.application; includeInIndex = 0; path = Recordify.app; sourceTree = BUILT_PRODUCTS_DIR; };
		FA9D4CBE279FED960087D337 /* RecordifyApp.swift */ = {isa = PBXFileReference; lastKnownFileType = sourcecode.swift; path = RecordifyApp.swift; sourceTree = "<group>"; };
		FA9D4CC2279FED970087D337 /* Assets.xcassets */ = {isa = PBXFileReference; lastKnownFileType = folder.assetcatalog; path = Assets.xcassets; sourceTree = "<group>"; };
		FA9D4CC5279FED970087D337 /* Preview Assets.xcassets */ = {isa = PBXFileReference; lastKnownFileType = folder.assetcatalog; path = "Preview Assets.xcassets"; sourceTree = "<group>"; };
		FA9D4CCC279FF0880087D337 /* Post.swift */ = {isa = PBXFileReference; lastKnownFileType = sourcecode.swift; path = Post.swift; sourceTree = "<group>"; };
		FA9D4CCE279FF1140087D337 /* RowWithPost.swift */ = {isa = PBXFileReference; lastKnownFileType = sourcecode.swift; path = RowWithPost.swift; sourceTree = "<group>"; };
		FA9D4CD0279FF5E80087D337 /* AddTab.swift */ = {isa = PBXFileReference; lastKnownFileType = sourcecode.swift; path = AddTab.swift; sourceTree = "<group>"; };
		FA9D4CD2279FFDC70087D337 /* GoogleService-Info.plist */ = {isa = PBXFileReference; fileEncoding = 4; lastKnownFileType = text.plist.xml; path = "GoogleService-Info.plist"; sourceTree = "<group>"; };
		FA9D4CDB27A037010087D337 /* LoginView.swift */ = {isa = PBXFileReference; lastKnownFileType = sourcecode.swift; path = LoginView.swift; sourceTree = "<group>"; };
		FA9DD1E927ABE44B008CC4EE /* CreateView.swift */ = {isa = PBXFileReference; lastKnownFileType = sourcecode.swift; path = CreateView.swift; sourceTree = "<group>"; };
		FAC8EC9027B44D7800D3DD86 /* Purchases.swift */ = {isa = PBXFileReference; lastKnownFileType = sourcecode.swift; path = Purchases.swift; sourceTree = "<group>"; };
		FAE1C38D27C3B37A008D48B9 /* TimerView.swift */ = {isa = PBXFileReference; lastKnownFileType = sourcecode.swift; path = TimerView.swift; sourceTree = "<group>"; };
		FAE1C3B527C4D460008D48B9 /* AudioRecorder.swift */ = {isa = PBXFileReference; lastKnownFileType = sourcecode.swift; path = AudioRecorder.swift; sourceTree = "<group>"; };
		FAE1C3B727C4D7BD008D48B9 /* RecordingsList.swift */ = {isa = PBXFileReference; lastKnownFileType = sourcecode.swift; path = RecordingsList.swift; sourceTree = "<group>"; };
		FAE1C3B927C4D7F5008D48B9 /* AudioPlayer.swift */ = {isa = PBXFileReference; lastKnownFileType = sourcecode.swift; path = AudioPlayer.swift; sourceTree = "<group>"; };
		FAE1CF3127A1741600D44D00 /* LoginViewModel.swift */ = {isa = PBXFileReference; lastKnownFileType = sourcecode.swift; path = LoginViewModel.swift; sourceTree = "<group>"; };
		FAE1CF3327A1743000D44D00 /* RegisterView.swift */ = {isa = PBXFileReference; lastKnownFileType = sourcecode.swift; path = RegisterView.swift; sourceTree = "<group>"; };
		FAE1CF3527A1743D00D44D00 /* RegisterViewModel.swift */ = {isa = PBXFileReference; lastKnownFileType = sourcecode.swift; path = RegisterViewModel.swift; sourceTree = "<group>"; };
		FAE1CF5B27A29EC100D44D00 /* RoundedButton.swift */ = {isa = PBXFileReference; lastKnownFileType = sourcecode.swift; path = RoundedButton.swift; sourceTree = "<group>"; };
		FAFC7F1527BA5B0A009F59AA /* NewRecord.swift */ = {isa = PBXFileReference; lastKnownFileType = sourcecode.swift; name = NewRecord.swift; path = ../../../../../NewRecord.swift; sourceTree = "<group>"; };
		FAFC7F1827BA5E30009F59AA /* NewRecord.swift */ = {isa = PBXFileReference; lastKnownFileType = sourcecode.swift; path = NewRecord.swift; sourceTree = "<group>"; };
		FAFC7F1927BA5E43009F59AA /* UploadArtwork.swift */ = {isa = PBXFileReference; lastKnownFileType = sourcecode.swift; path = UploadArtwork.swift; sourceTree = "<group>"; };
		FAFC7F1B27BA5E57009F59AA /* UploadRecord.swift */ = {isa = PBXFileReference; lastKnownFileType = sourcecode.swift; path = UploadRecord.swift; sourceTree = "<group>"; };
		FAFC7F1D27BA5E71009F59AA /* AddDescription.swift */ = {isa = PBXFileReference; lastKnownFileType = sourcecode.swift; path = AddDescription.swift; sourceTree = "<group>"; };
/* End PBXFileReference section */

/* Begin PBXFrameworksBuildPhase section */
		FA9D4CB8279FED960087D337 /* Frameworks */ = {
			isa = PBXFrameworksBuildPhase;
			buildActionMask = 2147483647;
			files = (
				FAE1CF3B27A175E700D44D00 /* FirebaseAnalyticsSwift-Beta in Frameworks */,
				FAE1CF5327A175E700D44D00 /* FirebaseInstallations in Frameworks */,
				FAE1CF5527A175E800D44D00 /* FirebasePerformance in Frameworks */,
				FAE1CF3927A175E700D44D00 /* FirebaseAnalytics in Frameworks */,
				FAE1CF3D27A175E700D44D00 /* FirebaseAppDistribution-Beta in Frameworks */,
				FA40CCB327B2D65E006077AF /* TinyConstraints in Frameworks */,
				FAE1CF5727A175E800D44D00 /* FirebaseStorage in Frameworks */,
				FAE1CF5927A175E800D44D00 /* FirebaseStorageCombine-Community in Frameworks */,
				FAE1CF4B27A175E700D44D00 /* FirebaseFirestore in Frameworks */,
				FAE1CF4327A175E700D44D00 /* FirebaseCrashlytics in Frameworks */,
				FAE1CF4D27A175E700D44D00 /* FirebaseFirestoreCombine-Community in Frameworks */,
				FAE1CF3F27A175E700D44D00 /* FirebaseAuth in Frameworks */,
				FAE1CF4927A175E700D44D00 /* FirebaseDynamicLinks in Frameworks */,
				FAE1CF4527A175E700D44D00 /* FirebaseDatabase in Frameworks */,
				FAE1CF5127A175E700D44D00 /* FirebaseFunctions in Frameworks */,
				FAE1CF4F27A175E700D44D00 /* FirebaseFirestoreSwift-Beta in Frameworks */,
				FAE1CF4727A175E700D44D00 /* FirebaseDatabaseSwift-Beta in Frameworks */,
				FA3ACABC27BBFD3E00440813 /* Kingfisher in Frameworks */,
				FAE1CF4127A175E700D44D00 /* FirebaseAuthCombine-Community in Frameworks */,
			);
			runOnlyForDeploymentPostprocessing = 0;
		};
/* End PBXFrameworksBuildPhase section */

/* Begin PBXGroup section */
		FA094ECE27A7E6A800649818 /* ResetPassword */ = {
			isa = PBXGroup;
			children = (
				FA094ECF27A7E6C100649818 /* ResetPasswordView.swift */,
				FA094ED127A7E6DD00649818 /* ResetPasswordViewModel.swift */,
			);
			path = ResetPassword;
			sourceTree = "<group>";
		};
		FA3A0C8027A9290500EE6677 /* DB */ = {
			isa = PBXGroup;
			children = (
				FA3A0C8127A9291D00EE6677 /* UsersDB.swift */,
				FA3A0C9227A9525400EE6677 /* PostsDB.swift */,
			);
			path = DB;
			sourceTree = "<group>";
		};
		FA3A0C8327A92A5E00EE6677 /* Model */ = {
			isa = PBXGroup;
			children = (
				FA97806727BFDF1A00AE92D4 /* Wave */,
				FA40CCB727B2D91B006077AF /* PhotoSelectAndCrop */,
				FA3A0C8427A92A6D00EE6677 /* UserRole.swift */,
				FA3A0C8627A9390A00EE6677 /* UsersDBItem.swift */,
				FA97806327BFD54D00AE92D4 /* RecordButton.swift */,
				FA9D4CCC279FF0880087D337 /* Post.swift */,
				FA2B5D8127AC6C2400F8FDAE /* NavigationModel.swift */,
				FA2B5D8727AC8D4C00F8FDAE /* DynamicColors.swift */,
				FA40CCD127B2F7A3006077AF /* SessionProperties.swift */,
				FAE1C38D27C3B37A008D48B9 /* TimerView.swift */,
				FAE1C3B527C4D460008D48B9 /* AudioRecorder.swift */,
				FAE1C3B727C4D7BD008D48B9 /* RecordingsList.swift */,
				FAE1C3B927C4D7F5008D48B9 /* AudioPlayer.swift */,
			);
			path = Model;
			sourceTree = "<group>";
		};
		FA3A0C8827A94EF600EE6677 /* Creator */ = {
			isa = PBXGroup;
			children = (
				FA3A0C8A27A94F2600EE6677 /* CreatorApp.swift */,
				FA40CCA527ADA1D3006077AF /* Test.swift */,
			);
			path = Creator;
			sourceTree = "<group>";
		};
		FA3A0C8927A94F0100EE6677 /* User */ = {
			isa = PBXGroup;
			children = (
				FA3A0C8C27A94F3000EE6677 /* UserApp.swift */,
			);
			path = User;
			sourceTree = "<group>";
		};
		FA3A0C8E27A951CE00EE6677 /* Pages */ = {
			isa = PBXGroup;
			children = (
				FA3A0C8F27A951EC00EE6677 /* HomeView.swift */,
				FA9DD1E927ABE44B008CC4EE /* CreateView.swift */,
				FA2B5D8D27AD7E9700F8FDAE /* ProfileView.swift */,
				FA40CCAE27B2C425006077AF /* ProfileSettingsView.swift */,
				FAC8EC9027B44D7800D3DD86 /* Purchases.swift */,
				FAFC7F1527BA5B0A009F59AA /* NewRecord.swift */,
				FA90EEED27BD244C000C371E /* NewAudio.swift */,
				FAFC7F1727BA5E27009F59AA /* NewRecord */,
			);
			path = Pages;
			sourceTree = "<group>";
		};
		FA40CCB727B2D91B006077AF /* PhotoSelectAndCrop */ = {
			isa = PBXGroup;
			children = (
				FA40CCC027B2D970006077AF /* Color+Extensions.swift */,
				FA40CCBF27B2D970006077AF /* DeviceOrientation.swift */,
				FA40CCB927B2D96F006077AF /* Image+Extensions.swift */,
				FA40CCBE27B2D970006077AF /* ImageAttributes.swift */,
				FA40CCC127B2D970006077AF /* ImageManipulation.swift */,
				FA40CCC327B2D970006077AF /* ImageMoveAndScaleSheet.swift */,
				FA40CCBD27B2D970006077AF /* ImageMoveAndScaleSheet+Extensions.swift */,
				FA40CCBA27B2D96F006077AF /* ImageMoveAndScaleSheet+ViewModel.swift */,
				FA40CCB827B2D96F006077AF /* ImagePane.swift */,
				FA40CCBC27B2D970006077AF /* SystemImagePicker.swift */,
				FA40CCC227B2D970006077AF /* SystemPHPicker.swift */,
				FA40CCBB27B2D970006077AF /* ViewModifiers.swift */,
			);
			path = PhotoSelectAndCrop;
			sourceTree = "<group>";
		};
		FA97806727BFDF1A00AE92D4 /* Wave */ = {
			isa = PBXGroup;
			children = (
				FA97806927BFDF2900AE92D4 /* TempiFFT.swift */,
				FA97806D27BFDF2900AE92D4 /* WaveformAnalyzer.swift */,
				FA97806827BFDF2900AE92D4 /* WaveformImageDrawer.swift */,
				FA97806C27BFDF2900AE92D4 /* WaveformImageTypes.swift */,
				FA97806E27BFDF2900AE92D4 /* WaveformImageView.swift */,
				FA97806B27BFDF2900AE92D4 /* WaveformImageViewUI.swift */,
				FA97806A27BFDF2900AE92D4 /* WaveformLiveView.swift */,
			);
			path = Wave;
			sourceTree = "<group>";
		};
		FA9D4CB2279FED950087D337 = {
			isa = PBXGroup;
			children = (
				FA9D4CBD279FED960087D337 /* Recordify */,
				FA9D4CBC279FED960087D337 /* Products */,
			);
			sourceTree = "<group>";
		};
		FA9D4CBC279FED960087D337 /* Products */ = {
			isa = PBXGroup;
			children = (
				FA9D4CBB279FED960087D337 /* Recordify.app */,
			);
			name = Products;
			sourceTree = "<group>";
		};
		FA9D4CBD279FED960087D337 /* Recordify */ = {
			isa = PBXGroup;
			children = (
				FA40CCD027B2DF43006077AF /* Info.plist */,
				FA3A0C8327A92A5E00EE6677 /* Model */,
				FA3A0C8027A9290500EE6677 /* DB */,
				FAE1CF5A27A29E8E00D44D00 /* UIComponents */,
				FAE1CF2E27A173E300D44D00 /* Authorized */,
				FAE1CF2D27A1738500D44D00 /* UnAuthorized  */,
				FA9D4CD0279FF5E80087D337 /* AddTab.swift */,
				FA9D4CBE279FED960087D337 /* RecordifyApp.swift */,
				FA2B5D8B27ACA2D100F8FDAE /* lay-icon-play-icon-11563266312mklxafh8gy-removebg-preview.png */,
				FA9D4CD2279FFDC70087D337 /* GoogleService-Info.plist */,
				FA2B5D8327AC853E00F8FDAE /* A.A._1200x1200-2.jpg */,
				FA2B5D8527AC886B00F8FDAE /* d3c4e744046205a49d06beb874df3b39da7c9c73.jpeg */,
				FA9D4CC2279FED970087D337 /* Assets.xcassets */,
				FA97807627BFE1E100AE92D4 /* sample.mp3 */,
				FA9D4CC4279FED970087D337 /* Preview Content */,
			);
			path = Recordify;
			sourceTree = "<group>";
		};
		FA9D4CC4279FED970087D337 /* Preview Content */ = {
			isa = PBXGroup;
			children = (
				FA9D4CC5279FED970087D337 /* Preview Assets.xcassets */,
			);
			path = "Preview Content";
			sourceTree = "<group>";
		};
		FAE1CF2D27A1738500D44D00 /* UnAuthorized  */ = {
			isa = PBXGroup;
			children = (
				FA094ECE27A7E6A800649818 /* ResetPassword */,
				FAE1CF3027A173FD00D44D00 /* SignUp */,
				FAE1CF2F27A173ED00D44D00 /* SignIn */,
			);
			path = "UnAuthorized ";
			sourceTree = "<group>";
		};
		FAE1CF2E27A173E300D44D00 /* Authorized */ = {
			isa = PBXGroup;
			children = (
				FA3A0C8E27A951CE00EE6677 /* Pages */,
				FA3A0C8827A94EF600EE6677 /* Creator */,
				FA3A0C8927A94F0100EE6677 /* User */,
			);
			path = Authorized;
			sourceTree = "<group>";
		};
		FAE1CF2F27A173ED00D44D00 /* SignIn */ = {
			isa = PBXGroup;
			children = (
				FA9D4CDB27A037010087D337 /* LoginView.swift */,
				FAE1CF3127A1741600D44D00 /* LoginViewModel.swift */,
			);
			path = SignIn;
			sourceTree = "<group>";
		};
		FAE1CF3027A173FD00D44D00 /* SignUp */ = {
			isa = PBXGroup;
			children = (
				FAE1CF3327A1743000D44D00 /* RegisterView.swift */,
				FAE1CF3527A1743D00D44D00 /* RegisterViewModel.swift */,
			);
			path = SignUp;
			sourceTree = "<group>";
		};
		FAE1CF5A27A29E8E00D44D00 /* UIComponents */ = {
			isa = PBXGroup;
			children = (
				FAE1CF5B27A29EC100D44D00 /* RoundedButton.swift */,
				FA9D4CCE279FF1140087D337 /* RowWithPost.swift */,
			);
			path = UIComponents;
			sourceTree = "<group>";
		};
		FAFC7F1727BA5E27009F59AA /* NewRecord */ = {
			isa = PBXGroup;
			children = (
				FAFC7F1827BA5E30009F59AA /* NewRecord.swift */,
				FAFC7F1927BA5E43009F59AA /* UploadArtwork.swift */,
				FAFC7F1B27BA5E57009F59AA /* UploadRecord.swift */,
				FAFC7F1D27BA5E71009F59AA /* AddDescription.swift */,
			);
			path = NewRecord;
			sourceTree = "<group>";
		};
/* End PBXGroup section */

/* Begin PBXNativeTarget section */
		FA9D4CBA279FED960087D337 /* Recordify */ = {
			isa = PBXNativeTarget;
			buildConfigurationList = FA9D4CC9279FED970087D337 /* Build configuration list for PBXNativeTarget "Recordify" */;
			buildPhases = (
				FA9D4CB7279FED960087D337 /* Sources */,
				FA9D4CB8279FED960087D337 /* Frameworks */,
				FA9D4CB9279FED960087D337 /* Resources */,
				FA9DD1CC27AAD9A4008CC4EE /* ShellScript */,
			);
			buildRules = (
			);
			dependencies = (
			);
			name = Recordify;
			packageProductDependencies = (
				FAE1CF3827A175E700D44D00 /* FirebaseAnalytics */,
				FAE1CF3A27A175E700D44D00 /* FirebaseAnalyticsSwift-Beta */,
				FAE1CF3C27A175E700D44D00 /* FirebaseAppDistribution-Beta */,
				FAE1CF3E27A175E700D44D00 /* FirebaseAuth */,
				FAE1CF4027A175E700D44D00 /* FirebaseAuthCombine-Community */,
				FAE1CF4227A175E700D44D00 /* FirebaseCrashlytics */,
				FAE1CF4427A175E700D44D00 /* FirebaseDatabase */,
				FAE1CF4627A175E700D44D00 /* FirebaseDatabaseSwift-Beta */,
				FAE1CF4827A175E700D44D00 /* FirebaseDynamicLinks */,
				FAE1CF4A27A175E700D44D00 /* FirebaseFirestore */,
				FAE1CF4C27A175E700D44D00 /* FirebaseFirestoreCombine-Community */,
				FAE1CF4E27A175E700D44D00 /* FirebaseFirestoreSwift-Beta */,
				FAE1CF5027A175E700D44D00 /* FirebaseFunctions */,
				FAE1CF5227A175E700D44D00 /* FirebaseInstallations */,
				FAE1CF5427A175E800D44D00 /* FirebasePerformance */,
				FAE1CF5627A175E800D44D00 /* FirebaseStorage */,
				FAE1CF5827A175E800D44D00 /* FirebaseStorageCombine-Community */,
				FA40CCB227B2D65E006077AF /* TinyConstraints */,
				FA3ACABB27BBFD3E00440813 /* Kingfisher */,
			);
			productName = Recordify;
			productReference = FA9D4CBB279FED960087D337 /* Recordify.app */;
			productType = "com.apple.product-type.application";
		};
/* End PBXNativeTarget section */

/* Begin PBXProject section */
		FA9D4CB3279FED950087D337 /* Project object */ = {
			isa = PBXProject;
			attributes = {
				BuildIndependentTargetsInParallel = 1;
				LastSwiftUpdateCheck = 1310;
				LastUpgradeCheck = 1310;
				TargetAttributes = {
					FA9D4CBA279FED960087D337 = {
						CreatedOnToolsVersion = 13.1;
					};
				};
			};
			buildConfigurationList = FA9D4CB6279FED950087D337 /* Build configuration list for PBXProject "Recordify" */;
			compatibilityVersion = "Xcode 13.0";
			developmentRegion = en;
			hasScannedForEncodings = 0;
			knownRegions = (
				en,
				Base,
			);
			mainGroup = FA9D4CB2279FED950087D337;
			packageReferences = (
				FAE1CF3727A175E700D44D00 /* XCRemoteSwiftPackageReference "firebase-ios-sdk" */,
				FA40CCB127B2D65D006077AF /* XCRemoteSwiftPackageReference "TinyConstraints" */,
				FA3ACABA27BBFD3E00440813 /* XCRemoteSwiftPackageReference "Kingfisher" */,
			);
			productRefGroup = FA9D4CBC279FED960087D337 /* Products */;
			projectDirPath = "";
			projectRoot = "";
			targets = (
				FA9D4CBA279FED960087D337 /* Recordify */,
			);
		};
/* End PBXProject section */

/* Begin PBXResourcesBuildPhase section */
		FA9D4CB9279FED960087D337 /* Resources */ = {
			isa = PBXResourcesBuildPhase;
			buildActionMask = 2147483647;
			files = (
				FA2B5D8C27ACA2D100F8FDAE /* lay-icon-play-icon-11563266312mklxafh8gy-removebg-preview.png in Resources */,
				FA9D4CC6279FED970087D337 /* Preview Assets.xcassets in Resources */,
				FA2B5D8427AC853F00F8FDAE /* A.A._1200x1200-2.jpg in Resources */,
				FA9D4CC3279FED970087D337 /* Assets.xcassets in Resources */,
				FA97807727BFE1E100AE92D4 /* sample.mp3 in Resources */,
				FA2B5D8627AC886B00F8FDAE /* d3c4e744046205a49d06beb874df3b39da7c9c73.jpeg in Resources */,
				FA9D4CD3279FFDC80087D337 /* GoogleService-Info.plist in Resources */,
			);
			runOnlyForDeploymentPostprocessing = 0;
		};
/* End PBXResourcesBuildPhase section */

/* Begin PBXShellScriptBuildPhase section */
		FA9DD1CC27AAD9A4008CC4EE /* ShellScript */ = {
			isa = PBXShellScriptBuildPhase;
			buildActionMask = 2147483647;
			files = (
			);
			inputFileListPaths = (
			);
			inputPaths = (
			);
			outputFileListPaths = (
			);
			outputPaths = (
			);
			runOnlyForDeploymentPostprocessing = 0;
			shellPath = /bin/sh;
			shellScript = "export PATH=\"$PATH:/opt/homebrew/bin\"\n\nif which swiftlint >/dev/null; then\n  swiftlint\nelse\n  echo \"warning: SwiftLint not installed, download from https://github.com/realm/SwiftLint\"\nfi\n";
		};
/* End PBXShellScriptBuildPhase section */

/* Begin PBXSourcesBuildPhase section */
		FA9D4CB7279FED960087D337 /* Sources */ = {
			isa = PBXSourcesBuildPhase;
			buildActionMask = 2147483647;
			files = (
				FAFC7F1E27BA5E71009F59AA /* AddDescription.swift in Sources */,
				FA9D4CDC27A037020087D337 /* LoginView.swift in Sources */,
				FAE1C3BA27C4D7F5008D48B9 /* AudioPlayer.swift in Sources */,
				FA90EEEE27BD244C000C371E /* NewAudio.swift in Sources */,
				FAE1CF5C27A29EC100D44D00 /* RoundedButton.swift in Sources */,
				FA9D4CCD279FF0880087D337 /* Post.swift in Sources */,
				FA9D4CD1279FF5E80087D337 /* AddTab.swift in Sources */,
				FA40CCC827B2D970006077AF /* SystemImagePicker.swift in Sources */,
				FA40CCCF27B2D970006077AF /* ImageMoveAndScaleSheet.swift in Sources */,
				FA094ED227A7E6DD00649818 /* ResetPasswordViewModel.swift in Sources */,
				FA9D4CCF279FF1140087D337 /* RowWithPost.swift in Sources */,
				FAE1CF3427A1743000D44D00 /* RegisterView.swift in Sources */,
				FA3A0C8527A92A6D00EE6677 /* UserRole.swift in Sources */,
				FA3A0C9027A951EC00EE6677 /* HomeView.swift in Sources */,
				FA9DD1EA27ABE44B008CC4EE /* CreateView.swift in Sources */,
				FA094ED027A7E6C100649818 /* ResetPasswordView.swift in Sources */,
				FA3A0C8227A9291D00EE6677 /* UsersDB.swift in Sources */,
				FA40CCC927B2D970006077AF /* ImageMoveAndScaleSheet+Extensions.swift in Sources */,
				FA40CCCB27B2D970006077AF /* DeviceOrientation.swift in Sources */,
				FAE1C38E27C3B37A008D48B9 /* TimerView.swift in Sources */,
				FAC8EC9127B44D7800D3DD86 /* Purchases.swift in Sources */,
				FA9D4CBF279FED960087D337 /* RecordifyApp.swift in Sources */,
				FA2B5D8827AC8D4C00F8FDAE /* DynamicColors.swift in Sources */,
				FA3A0C8D27A94F3000EE6677 /* UserApp.swift in Sources */,
				FA40CCCD27B2D970006077AF /* ImageManipulation.swift in Sources */,
				FAE1C3B627C4D460008D48B9 /* AudioRecorder.swift in Sources */,
				FA40CCC727B2D970006077AF /* ViewModifiers.swift in Sources */,
				FA40CCA627ADA1D3006077AF /* Test.swift in Sources */,
				FAE1C3B827C4D7BD008D48B9 /* RecordingsList.swift in Sources */,
				FA40CCCC27B2D970006077AF /* Color+Extensions.swift in Sources */,
				FA40CCC427B2D970006077AF /* ImagePane.swift in Sources */,
				FA3A0C8B27A94F2600EE6677 /* CreatorApp.swift in Sources */,
				FA97807427BFDF2A00AE92D4 /* WaveformAnalyzer.swift in Sources */,
				FA97806427BFD54E00AE92D4 /* RecordButton.swift in Sources */,
				FA40CCC627B2D970006077AF /* ImageMoveAndScaleSheet+ViewModel.swift in Sources */,
				FA3A0C9327A9525400EE6677 /* PostsDB.swift in Sources */,
				FA40CCD227B2F7A4006077AF /* SessionProperties.swift in Sources */,
				FA97806F27BFDF2A00AE92D4 /* WaveformImageDrawer.swift in Sources */,
				FA40CCC527B2D970006077AF /* Image+Extensions.swift in Sources */,
				FAE1CF3627A1743D00D44D00 /* RegisterViewModel.swift in Sources */,
				FA2B5D8227AC6C2400F8FDAE /* NavigationModel.swift in Sources */,
				FA97807527BFDF2A00AE92D4 /* WaveformImageView.swift in Sources */,
				FAFC7F1627BA5B0A009F59AA /* NewRecord.swift in Sources */,
				FAFC7F1C27BA5E57009F59AA /* UploadRecord.swift in Sources */,
				FA3A0C8727A9390A00EE6677 /* UsersDBItem.swift in Sources */,
				FA97807227BFDF2A00AE92D4 /* WaveformImageViewUI.swift in Sources */,
				FA2B5D8E27AD7E9700F8FDAE /* ProfileView.swift in Sources */,
				FA97807027BFDF2A00AE92D4 /* TempiFFT.swift in Sources */,
				FA40CCCA27B2D970006077AF /* ImageAttributes.swift in Sources */,
				FA40CCAF27B2C425006077AF /* ProfileSettingsView.swift in Sources */,
				FAFC7F1A27BA5E43009F59AA /* UploadArtwork.swift in Sources */,
				FAE1CF3227A1741600D44D00 /* LoginViewModel.swift in Sources */,
				FA97807127BFDF2A00AE92D4 /* WaveformLiveView.swift in Sources */,
				FA97807327BFDF2A00AE92D4 /* WaveformImageTypes.swift in Sources */,
				FA40CCCE27B2D970006077AF /* SystemPHPicker.swift in Sources */,
			);
			runOnlyForDeploymentPostprocessing = 0;
		};
/* End PBXSourcesBuildPhase section */

/* Begin XCBuildConfiguration section */
		FA9D4CC7279FED970087D337 /* Debug */ = {
			isa = XCBuildConfiguration;
			buildSettings = {
				ALWAYS_SEARCH_USER_PATHS = NO;
				CLANG_ANALYZER_NONNULL = YES;
				CLANG_ANALYZER_NUMBER_OBJECT_CONVERSION = YES_AGGRESSIVE;
				CLANG_CXX_LANGUAGE_STANDARD = "gnu++17";
				CLANG_CXX_LIBRARY = "libc++";
				CLANG_ENABLE_MODULES = YES;
				CLANG_ENABLE_OBJC_ARC = YES;
				CLANG_ENABLE_OBJC_WEAK = YES;
				CLANG_WARN_BLOCK_CAPTURE_AUTORELEASING = YES;
				CLANG_WARN_BOOL_CONVERSION = YES;
				CLANG_WARN_COMMA = YES;
				CLANG_WARN_CONSTANT_CONVERSION = YES;
				CLANG_WARN_DEPRECATED_OBJC_IMPLEMENTATIONS = YES;
				CLANG_WARN_DIRECT_OBJC_ISA_USAGE = YES_ERROR;
				CLANG_WARN_DOCUMENTATION_COMMENTS = YES;
				CLANG_WARN_EMPTY_BODY = YES;
				CLANG_WARN_ENUM_CONVERSION = YES;
				CLANG_WARN_INFINITE_RECURSION = YES;
				CLANG_WARN_INT_CONVERSION = YES;
				CLANG_WARN_NON_LITERAL_NULL_CONVERSION = YES;
				CLANG_WARN_OBJC_IMPLICIT_RETAIN_SELF = YES;
				CLANG_WARN_OBJC_LITERAL_CONVERSION = YES;
				CLANG_WARN_OBJC_ROOT_CLASS = YES_ERROR;
				CLANG_WARN_QUOTED_INCLUDE_IN_FRAMEWORK_HEADER = YES;
				CLANG_WARN_RANGE_LOOP_ANALYSIS = YES;
				CLANG_WARN_STRICT_PROTOTYPES = YES;
				CLANG_WARN_SUSPICIOUS_MOVE = YES;
				CLANG_WARN_UNGUARDED_AVAILABILITY = YES_AGGRESSIVE;
				CLANG_WARN_UNREACHABLE_CODE = YES;
				CLANG_WARN__DUPLICATE_METHOD_MATCH = YES;
				COPY_PHASE_STRIP = NO;
				DEBUG_INFORMATION_FORMAT = dwarf;
				ENABLE_STRICT_OBJC_MSGSEND = YES;
				ENABLE_TESTABILITY = YES;
				GCC_C_LANGUAGE_STANDARD = gnu11;
				GCC_DYNAMIC_NO_PIC = NO;
				GCC_NO_COMMON_BLOCKS = YES;
				GCC_OPTIMIZATION_LEVEL = 0;
				GCC_PREPROCESSOR_DEFINITIONS = (
					"DEBUG=1",
					"$(inherited)",
				);
				GCC_WARN_64_TO_32_BIT_CONVERSION = YES;
				GCC_WARN_ABOUT_RETURN_TYPE = YES_ERROR;
				GCC_WARN_UNDECLARED_SELECTOR = YES;
				GCC_WARN_UNINITIALIZED_AUTOS = YES_AGGRESSIVE;
				GCC_WARN_UNUSED_FUNCTION = YES;
				GCC_WARN_UNUSED_VARIABLE = YES;
				IPHONEOS_DEPLOYMENT_TARGET = 15.0;
				MTL_ENABLE_DEBUG_INFO = INCLUDE_SOURCE;
				MTL_FAST_MATH = YES;
				ONLY_ACTIVE_ARCH = YES;
				SDKROOT = iphoneos;
				SWIFT_ACTIVE_COMPILATION_CONDITIONS = DEBUG;
				SWIFT_OPTIMIZATION_LEVEL = "-Onone";
			};
			name = Debug;
		};
		FA9D4CC8279FED970087D337 /* Release */ = {
			isa = XCBuildConfiguration;
			buildSettings = {
				ALWAYS_SEARCH_USER_PATHS = NO;
				CLANG_ANALYZER_NONNULL = YES;
				CLANG_ANALYZER_NUMBER_OBJECT_CONVERSION = YES_AGGRESSIVE;
				CLANG_CXX_LANGUAGE_STANDARD = "gnu++17";
				CLANG_CXX_LIBRARY = "libc++";
				CLANG_ENABLE_MODULES = YES;
				CLANG_ENABLE_OBJC_ARC = YES;
				CLANG_ENABLE_OBJC_WEAK = YES;
				CLANG_WARN_BLOCK_CAPTURE_AUTORELEASING = YES;
				CLANG_WARN_BOOL_CONVERSION = YES;
				CLANG_WARN_COMMA = YES;
				CLANG_WARN_CONSTANT_CONVERSION = YES;
				CLANG_WARN_DEPRECATED_OBJC_IMPLEMENTATIONS = YES;
				CLANG_WARN_DIRECT_OBJC_ISA_USAGE = YES_ERROR;
				CLANG_WARN_DOCUMENTATION_COMMENTS = YES;
				CLANG_WARN_EMPTY_BODY = YES;
				CLANG_WARN_ENUM_CONVERSION = YES;
				CLANG_WARN_INFINITE_RECURSION = YES;
				CLANG_WARN_INT_CONVERSION = YES;
				CLANG_WARN_NON_LITERAL_NULL_CONVERSION = YES;
				CLANG_WARN_OBJC_IMPLICIT_RETAIN_SELF = YES;
				CLANG_WARN_OBJC_LITERAL_CONVERSION = YES;
				CLANG_WARN_OBJC_ROOT_CLASS = YES_ERROR;
				CLANG_WARN_QUOTED_INCLUDE_IN_FRAMEWORK_HEADER = YES;
				CLANG_WARN_RANGE_LOOP_ANALYSIS = YES;
				CLANG_WARN_STRICT_PROTOTYPES = YES;
				CLANG_WARN_SUSPICIOUS_MOVE = YES;
				CLANG_WARN_UNGUARDED_AVAILABILITY = YES_AGGRESSIVE;
				CLANG_WARN_UNREACHABLE_CODE = YES;
				CLANG_WARN__DUPLICATE_METHOD_MATCH = YES;
				COPY_PHASE_STRIP = NO;
				DEBUG_INFORMATION_FORMAT = "dwarf-with-dsym";
				ENABLE_NS_ASSERTIONS = NO;
				ENABLE_STRICT_OBJC_MSGSEND = YES;
				GCC_C_LANGUAGE_STANDARD = gnu11;
				GCC_NO_COMMON_BLOCKS = YES;
				GCC_WARN_64_TO_32_BIT_CONVERSION = YES;
				GCC_WARN_ABOUT_RETURN_TYPE = YES_ERROR;
				GCC_WARN_UNDECLARED_SELECTOR = YES;
				GCC_WARN_UNINITIALIZED_AUTOS = YES_AGGRESSIVE;
				GCC_WARN_UNUSED_FUNCTION = YES;
				GCC_WARN_UNUSED_VARIABLE = YES;
				IPHONEOS_DEPLOYMENT_TARGET = 15.0;
				MTL_ENABLE_DEBUG_INFO = NO;
				MTL_FAST_MATH = YES;
				SDKROOT = iphoneos;
				SWIFT_COMPILATION_MODE = wholemodule;
				SWIFT_OPTIMIZATION_LEVEL = "-O";
				VALIDATE_PRODUCT = YES;
			};
			name = Release;
		};
		FA9D4CCA279FED970087D337 /* Debug */ = {
			isa = XCBuildConfiguration;
			buildSettings = {
				ASSETCATALOG_COMPILER_APPICON_NAME = AppIcon;
				ASSETCATALOG_COMPILER_GLOBAL_ACCENT_COLOR_NAME = AccentColor;
				CODE_SIGN_STYLE = Automatic;
				CURRENT_PROJECT_VERSION = 1;
				DEVELOPMENT_ASSET_PATHS = "\"Recordify/Preview Content\"";
				DEVELOPMENT_TEAM = 9AWTDG34C4;
				ENABLE_PREVIEWS = YES;
				GENERATE_INFOPLIST_FILE = YES;
				INFOPLIST_FILE = Recordify/Info.plist;
				INFOPLIST_KEY_NSCameraUsageDescription = "$(PRODUCT_NAME) ask for an access for the camera";
				INFOPLIST_KEY_NSFileProviderDomainUsageDescription = "";
				INFOPLIST_KEY_UIApplicationSceneManifest_Generation = YES;
				INFOPLIST_KEY_UIApplicationSupportsIndirectInputEvents = YES;
				INFOPLIST_KEY_UILaunchScreen_Generation = YES;
				INFOPLIST_KEY_UISupportedInterfaceOrientations_iPad = "UIInterfaceOrientationPortrait UIInterfaceOrientationPortraitUpsideDown UIInterfaceOrientationLandscapeLeft UIInterfaceOrientationLandscapeRight";
				INFOPLIST_KEY_UISupportedInterfaceOrientations_iPhone = "UIInterfaceOrientationPortrait UIInterfaceOrientationLandscapeLeft UIInterfaceOrientationLandscapeRight";
				LD_RUNPATH_SEARCH_PATHS = (
					"$(inherited)",
					"@executable_path/Frameworks",
				);
				MARKETING_VERSION = 1.0;
				PRODUCT_BUNDLE_IDENTIFIER = Andrew.Recordify;
				PRODUCT_NAME = "$(TARGET_NAME)";
				SWIFT_EMIT_LOC_STRINGS = YES;
				SWIFT_VERSION = 5.0;
				TARGETED_DEVICE_FAMILY = 1;
			};
			name = Debug;
		};
		FA9D4CCB279FED970087D337 /* Release */ = {
			isa = XCBuildConfiguration;
			buildSettings = {
				ASSETCATALOG_COMPILER_APPICON_NAME = AppIcon;
				ASSETCATALOG_COMPILER_GLOBAL_ACCENT_COLOR_NAME = AccentColor;
				CODE_SIGN_STYLE = Automatic;
				CURRENT_PROJECT_VERSION = 1;
				DEVELOPMENT_ASSET_PATHS = "\"Recordify/Preview Content\"";
				DEVELOPMENT_TEAM = 9AWTDG34C4;
				ENABLE_PREVIEWS = YES;
				GENERATE_INFOPLIST_FILE = YES;
				INFOPLIST_FILE = Recordify/Info.plist;
				INFOPLIST_KEY_NSCameraUsageDescription = "$(PRODUCT_NAME) ask for an access for the camera";
				INFOPLIST_KEY_NSFileProviderDomainUsageDescription = "";
				INFOPLIST_KEY_UIApplicationSceneManifest_Generation = YES;
				INFOPLIST_KEY_UIApplicationSupportsIndirectInputEvents = YES;
				INFOPLIST_KEY_UILaunchScreen_Generation = YES;
				INFOPLIST_KEY_UISupportedInterfaceOrientations_iPad = "UIInterfaceOrientationPortrait UIInterfaceOrientationPortraitUpsideDown UIInterfaceOrientationLandscapeLeft UIInterfaceOrientationLandscapeRight";
				INFOPLIST_KEY_UISupportedInterfaceOrientations_iPhone = "UIInterfaceOrientationPortrait UIInterfaceOrientationLandscapeLeft UIInterfaceOrientationLandscapeRight";
				LD_RUNPATH_SEARCH_PATHS = (
					"$(inherited)",
					"@executable_path/Frameworks",
				);
				MARKETING_VERSION = 1.0;
				PRODUCT_BUNDLE_IDENTIFIER = Andrew.Recordify;
				PRODUCT_NAME = "$(TARGET_NAME)";
				SWIFT_EMIT_LOC_STRINGS = YES;
				SWIFT_VERSION = 5.0;
				TARGETED_DEVICE_FAMILY = 1;
			};
			name = Release;
		};
/* End XCBuildConfiguration section */

/* Begin XCConfigurationList section */
		FA9D4CB6279FED950087D337 /* Build configuration list for PBXProject "Recordify" */ = {
			isa = XCConfigurationList;
			buildConfigurations = (
				FA9D4CC7279FED970087D337 /* Debug */,
				FA9D4CC8279FED970087D337 /* Release */,
			);
			defaultConfigurationIsVisible = 0;
			defaultConfigurationName = Release;
		};
		FA9D4CC9279FED970087D337 /* Build configuration list for PBXNativeTarget "Recordify" */ = {
			isa = XCConfigurationList;
			buildConfigurations = (
				FA9D4CCA279FED970087D337 /* Debug */,
				FA9D4CCB279FED970087D337 /* Release */,
			);
			defaultConfigurationIsVisible = 0;
			defaultConfigurationName = Release;
		};
/* End XCConfigurationList section */

/* Begin XCRemoteSwiftPackageReference section */
		FA3ACABA27BBFD3E00440813 /* XCRemoteSwiftPackageReference "Kingfisher" */ = {
			isa = XCRemoteSwiftPackageReference;
			repositoryURL = "https://github.com/onevcat/Kingfisher.git";
			requirement = {
				kind = upToNextMajorVersion;
				minimumVersion = 7.0.0;
			};
		};
		FA40CCB127B2D65D006077AF /* XCRemoteSwiftPackageReference "TinyConstraints" */ = {
			isa = XCRemoteSwiftPackageReference;
			repositoryURL = "https://github.com/roberthein/TinyConstraints";
			requirement = {
				kind = upToNextMajorVersion;
				minimumVersion = 4.0.0;
			};
		};
		FAE1CF3727A175E700D44D00 /* XCRemoteSwiftPackageReference "firebase-ios-sdk" */ = {
			isa = XCRemoteSwiftPackageReference;
			repositoryURL = "https://github.com/firebase/firebase-ios-sdk";
			requirement = {
				kind = upToNextMajorVersion;
				minimumVersion = 8.0.0;
			};
		};
/* End XCRemoteSwiftPackageReference section */

/* Begin XCSwiftPackageProductDependency section */
		FA3ACABB27BBFD3E00440813 /* Kingfisher */ = {
			isa = XCSwiftPackageProductDependency;
			package = FA3ACABA27BBFD3E00440813 /* XCRemoteSwiftPackageReference "Kingfisher" */;
			productName = Kingfisher;
		};
		FA40CCB227B2D65E006077AF /* TinyConstraints */ = {
			isa = XCSwiftPackageProductDependency;
			package = FA40CCB127B2D65D006077AF /* XCRemoteSwiftPackageReference "TinyConstraints" */;
			productName = TinyConstraints;
		};
		FAE1CF3827A175E700D44D00 /* FirebaseAnalytics */ = {
			isa = XCSwiftPackageProductDependency;
			package = FAE1CF3727A175E700D44D00 /* XCRemoteSwiftPackageReference "firebase-ios-sdk" */;
			productName = FirebaseAnalytics;
		};
		FAE1CF3A27A175E700D44D00 /* FirebaseAnalyticsSwift-Beta */ = {
			isa = XCSwiftPackageProductDependency;
			package = FAE1CF3727A175E700D44D00 /* XCRemoteSwiftPackageReference "firebase-ios-sdk" */;
			productName = "FirebaseAnalyticsSwift-Beta";
		};
		FAE1CF3C27A175E700D44D00 /* FirebaseAppDistribution-Beta */ = {
			isa = XCSwiftPackageProductDependency;
			package = FAE1CF3727A175E700D44D00 /* XCRemoteSwiftPackageReference "firebase-ios-sdk" */;
			productName = "FirebaseAppDistribution-Beta";
		};
		FAE1CF3E27A175E700D44D00 /* FirebaseAuth */ = {
			isa = XCSwiftPackageProductDependency;
			package = FAE1CF3727A175E700D44D00 /* XCRemoteSwiftPackageReference "firebase-ios-sdk" */;
			productName = FirebaseAuth;
		};
		FAE1CF4027A175E700D44D00 /* FirebaseAuthCombine-Community */ = {
			isa = XCSwiftPackageProductDependency;
			package = FAE1CF3727A175E700D44D00 /* XCRemoteSwiftPackageReference "firebase-ios-sdk" */;
			productName = "FirebaseAuthCombine-Community";
		};
		FAE1CF4227A175E700D44D00 /* FirebaseCrashlytics */ = {
			isa = XCSwiftPackageProductDependency;
			package = FAE1CF3727A175E700D44D00 /* XCRemoteSwiftPackageReference "firebase-ios-sdk" */;
			productName = FirebaseCrashlytics;
		};
		FAE1CF4427A175E700D44D00 /* FirebaseDatabase */ = {
			isa = XCSwiftPackageProductDependency;
			package = FAE1CF3727A175E700D44D00 /* XCRemoteSwiftPackageReference "firebase-ios-sdk" */;
			productName = FirebaseDatabase;
		};
		FAE1CF4627A175E700D44D00 /* FirebaseDatabaseSwift-Beta */ = {
			isa = XCSwiftPackageProductDependency;
			package = FAE1CF3727A175E700D44D00 /* XCRemoteSwiftPackageReference "firebase-ios-sdk" */;
			productName = "FirebaseDatabaseSwift-Beta";
		};
		FAE1CF4827A175E700D44D00 /* FirebaseDynamicLinks */ = {
			isa = XCSwiftPackageProductDependency;
			package = FAE1CF3727A175E700D44D00 /* XCRemoteSwiftPackageReference "firebase-ios-sdk" */;
			productName = FirebaseDynamicLinks;
		};
		FAE1CF4A27A175E700D44D00 /* FirebaseFirestore */ = {
			isa = XCSwiftPackageProductDependency;
			package = FAE1CF3727A175E700D44D00 /* XCRemoteSwiftPackageReference "firebase-ios-sdk" */;
			productName = FirebaseFirestore;
		};
		FAE1CF4C27A175E700D44D00 /* FirebaseFirestoreCombine-Community */ = {
			isa = XCSwiftPackageProductDependency;
			package = FAE1CF3727A175E700D44D00 /* XCRemoteSwiftPackageReference "firebase-ios-sdk" */;
			productName = "FirebaseFirestoreCombine-Community";
		};
		FAE1CF4E27A175E700D44D00 /* FirebaseFirestoreSwift-Beta */ = {
			isa = XCSwiftPackageProductDependency;
			package = FAE1CF3727A175E700D44D00 /* XCRemoteSwiftPackageReference "firebase-ios-sdk" */;
			productName = "FirebaseFirestoreSwift-Beta";
		};
		FAE1CF5027A175E700D44D00 /* FirebaseFunctions */ = {
			isa = XCSwiftPackageProductDependency;
			package = FAE1CF3727A175E700D44D00 /* XCRemoteSwiftPackageReference "firebase-ios-sdk" */;
			productName = FirebaseFunctions;
		};
		FAE1CF5227A175E700D44D00 /* FirebaseInstallations */ = {
			isa = XCSwiftPackageProductDependency;
			package = FAE1CF3727A175E700D44D00 /* XCRemoteSwiftPackageReference "firebase-ios-sdk" */;
			productName = FirebaseInstallations;
		};
		FAE1CF5427A175E800D44D00 /* FirebasePerformance */ = {
			isa = XCSwiftPackageProductDependency;
			package = FAE1CF3727A175E700D44D00 /* XCRemoteSwiftPackageReference "firebase-ios-sdk" */;
			productName = FirebasePerformance;
		};
		FAE1CF5627A175E800D44D00 /* FirebaseStorage */ = {
			isa = XCSwiftPackageProductDependency;
			package = FAE1CF3727A175E700D44D00 /* XCRemoteSwiftPackageReference "firebase-ios-sdk" */;
			productName = FirebaseStorage;
		};
		FAE1CF5827A175E800D44D00 /* FirebaseStorageCombine-Community */ = {
			isa = XCSwiftPackageProductDependency;
			package = FAE1CF3727A175E700D44D00 /* XCRemoteSwiftPackageReference "firebase-ios-sdk" */;
			productName = "FirebaseStorageCombine-Community";
		};
/* End XCSwiftPackageProductDependency section */
	};
	rootObject = FA9D4CB3279FED950087D337 /* Project object */;
}
